{
  "name": "integration-example-vercel-rails",
  "version": "1.0.0",
  "lockfileVersion": 2,
  "requires": true,
  "packages": {
    "": {
      "name": "integration-example-vercel-rails",
      "version": "1.0.0",
      "license": "ISC",
      "dependencies": {
        "dotenv-vault-core": "^0.5.0"
      },
      "engines": {
        "node": "14.x"
      }
    },
    "node_modules/dotenv": {
      "version": "16.0.3",
      "resolved": "https://registry.npmjs.org/dotenv/-/dotenv-16.0.3.tgz",
      "integrity": "sha512-7GO6HghkA5fYG9TYnNxi14/7K9f5occMlp3zXAuSxn7CKCxt9xbNWG7yF8hTCSUchlfWSe3uLmlPfigevRItzQ==",
      "engines": {
        "node": ">=12"
      }
    },
    "node_modules/dotenv-vault-core": {
      "version": "0.5.0",
      "resolved": "https://registry.npmjs.org/dotenv-vault-core/-/dotenv-vault-core-0.5.0.tgz",
      "integrity": "sha512-BEaQGttfYfHAYQDuF3I+g3RvutetLnEKl+7HD15pGLkb+vVCng16Ysm4T7MpZx/++sRSy9l0OV9vhWNtqTJzyA==",
      "dependencies": {
        "dotenv": "^16.0.3"
      },
      "engines": {
        "node": ">=12"
      }
    }
  },
  "dependencies": {
    "dotenv": {
      "version": "16.0.3",
      "resolved": "https://registry.npmjs.org/dotenv/-/dotenv-16.0.3.tgz",
      "integrity": "sha512-7GO6HghkA5fYG9TYnNxi14/7K9f5occMlp3zXAuSxn7CKCxt9xbNWG7yF8hTCSUchlfWSe3uLmlPfigevRItzQ=="
    },
    "dotenv-vault-core": {
      "version": "0.5.0",
      "resolved": "https://registry.npmjs.org/dotenv-vault-core/-/dotenv-vault-core-0.5.0.tgz",
      "integrity": "sha512-BEaQGttfYfHAYQDuF3I+g3RvutetLnEKl+7HD15pGLkb+vVCng16Ysm4T7MpZx/++sRSy9l0OV9vhWNtqTJzyA==",
      "requires": {
        "dotenv": "^16.0.3"
      }
    }
  }
}
